
Microsoft Visual Studio Solution File, Format Version 12.00
# Visual Studio Version 17
VisualStudioVersion = 17.0.31612.314
MinimumVisualStudioVersion = 10.0.40219.1
Project("{2150E333-8FDC-42A3-9474-1A3956D46DE8}") = "Domain", "Domain", "{97D68ADA-DACE-4ECB-96DE-BC1BAA155399}"
EndProject
Project("{2150E333-8FDC-42A3-9474-1A3956D46DE8}") = "Services", "Services", "{7C450420-FBA2-4181-8A63-38AF77552F52}"
EndProject
Project("{9A19103F-16F7-4668-BE54-9A1E7A4F7556}") = "Kafka.Services.Ordering", "Kafka.Services.Ordering\Kafka.Services.Ordering.csproj", "{FD823A09-88D4-43A0-A55A-078C62604B75}"
EndProject
Project("{9A19103F-16F7-4668-BE54-9A1E7A4F7556}") = "Kafka.Domain.AppSettings", "Kafka.Domain.AppSettings\Kafka.Domain.AppSettings.csproj", "{B56579C8-01E9-4304-A586-C67BFE5BFE99}"
EndProject
Project("{9A19103F-16F7-4668-BE54-9A1E7A4F7556}") = "Kafka.Domain.Models", "Kafka.Domain.Models\Kafka.Domain.Models.csproj", "{6F51E5A7-B3CB-4BAD-88DD-02AD1F01F511}"
EndProject
Project("{9A19103F-16F7-4668-BE54-9A1E7A4F7556}") = "Kafka.Domain", "Kafka.Domain\Kafka.Domain.csproj", "{65D0D571-0F87-4BEE-9629-9B1F596E2490}"
EndProject
Global
	GlobalSection(SolutionConfigurationPlatforms) = preSolution
		Debug|Any CPU = Debug|Any CPU
		Release|Any CPU = Release|Any CPU
	EndGlobalSection
	GlobalSection(ProjectConfigurationPlatforms) = postSolution
		{FD823A09-88D4-43A0-A55A-078C62604B75}.Debug|Any CPU.ActiveCfg = Debug|Any CPU
		{FD823A09-88D4-43A0-A55A-078C62604B75}.Debug|Any CPU.Build.0 = Debug|Any CPU
		{FD823A09-88D4-43A0-A55A-078C62604B75}.Release|Any CPU.ActiveCfg = Release|Any CPU
		{FD823A09-88D4-43A0-A55A-078C62604B75}.Release|Any CPU.Build.0 = Release|Any CPU
		{B56579C8-01E9-4304-A586-C67BFE5BFE99}.Debug|Any CPU.ActiveCfg = Debug|Any CPU
		{B56579C8-01E9-4304-A586-C67BFE5BFE99}.Debug|Any CPU.Build.0 = Debug|Any CPU
		{B56579C8-01E9-4304-A586-C67BFE5BFE99}.Release|Any CPU.ActiveCfg = Release|Any CPU
		{B56579C8-01E9-4304-A586-C67BFE5BFE99}.Release|Any CPU.Build.0 = Release|Any CPU
		{6F51E5A7-B3CB-4BAD-88DD-02AD1F01F511}.Debug|Any CPU.ActiveCfg = Debug|Any CPU
		{6F51E5A7-B3CB-4BAD-88DD-02AD1F01F511}.Debug|Any CPU.Build.0 = Debug|Any CPU
		{6F51E5A7-B3CB-4BAD-88DD-02AD1F01F511}.Release|Any CPU.ActiveCfg = Release|Any CPU
		{6F51E5A7-B3CB-4BAD-88DD-02AD1F01F511}.Release|Any CPU.Build.0 = Release|Any CPU
		{65D0D571-0F87-4BEE-9629-9B1F596E2490}.Debug|Any CPU.ActiveCfg = Debug|Any CPU
		{65D0D571-0F87-4BEE-9629-9B1F596E2490}.Debug|Any CPU.Build.0 = Debug|Any CPU
		{65D0D571-0F87-4BEE-9629-9B1F596E2490}.Release|Any CPU.ActiveCfg = Release|Any CPU
		{65D0D571-0F87-4BEE-9629-9B1F596E2490}.Release|Any CPU.Build.0 = Release|Any CPU
	EndGlobalSection
	GlobalSection(SolutionProperties) = preSolution
		HideSolutionNode = FALSE
	EndGlobalSection
	GlobalSection(NestedProjects) = preSolution
		{FD823A09-88D4-43A0-A55A-078C62604B75} = {7C450420-FBA2-4181-8A63-38AF77552F52}
		{B56579C8-01E9-4304-A586-C67BFE5BFE99} = {97D68ADA-DACE-4ECB-96DE-BC1BAA155399}
		{6F51E5A7-B3CB-4BAD-88DD-02AD1F01F511} = {97D68ADA-DACE-4ECB-96DE-BC1BAA155399}
		{65D0D571-0F87-4BEE-9629-9B1F596E2490} = {97D68ADA-DACE-4ECB-96DE-BC1BAA155399}
	EndGlobalSection
	GlobalSection(ExtensibilityGlobals) = postSolution
		SolutionGuid = {9E5A34AA-6939-49F8-9ADA-A7A83032CAC7}
	EndGlobalSection
EndGlobal
